
Microsoft Visual Studio Solution File, Format Version 12.00
# Visual Studio Version 17
VisualStudioVersion = 17.9.34526.213
MinimumVisualStudioVersion = 10.0.40219.1
Project("{FAE04EC0-301F-11D3-BF4B-00C04F79EFBC}") = "RespositoryPatternWithUOW.Api", "RespositoryPatternWithUOW.Api\RespositoryPatternWithUOW.Api.csproj", "{CA719F7E-A48D-4DDC-B67E-E1B37A94B6AD}"
EndProject
Project("{FAE04EC0-301F-11D3-BF4B-00C04F79EFBC}") = "RepositoryPatternWithUOW.EF", "RepositoryPatternWithUOW.EF\RepositoryPatternWithUOW.EF.csproj", "{267C7689-4B34-4A79-A220-546C97DD8EC3}"
EndProject
Project("{FAE04EC0-301F-11D3-BF4B-00C04F79EFBC}") = "RepositoryPatternWithUOW.Core", "RepositoryPatternWithUOW.Core\RepositoryPatternWithUOW.Core.csproj", "{370D746A-89F3-4117-9AB5-9BD4547D5C6C}"
EndProject
Global
	GlobalSection(SolutionConfigurationPlatforms) = preSolution
		Debug|Any CPU = Debug|Any CPU
		Release|Any CPU = Release|Any CPU
	EndGlobalSection
	GlobalSection(ProjectConfigurationPlatforms) = postSolution
		{CA719F7E-A48D-4DDC-B67E-E1B37A94B6AD}.Debug|Any CPU.ActiveCfg = Debug|Any CPU
		{CA719F7E-A48D-4DDC-B67E-E1B37A94B6AD}.Debug|Any CPU.Build.0 = Debug|Any CPU
		{CA719F7E-A48D-4DDC-B67E-E1B37A94B6AD}.Release|Any CPU.ActiveCfg = Release|Any CPU
		{CA719F7E-A48D-4DDC-B67E-E1B37A94B6AD}.Release|Any CPU.Build.0 = Release|Any CPU
		{267C7689-4B34-4A79-A220-546C97DD8EC3}.Debug|Any CPU.ActiveCfg = Debug|Any CPU
		{267C7689-4B34-4A79-A220-546C97DD8EC3}.Debug|Any CPU.Build.0 = Debug|Any CPU
		{267C7689-4B34-4A79-A220-546C97DD8EC3}.Release|Any CPU.ActiveCfg = Release|Any CPU
		{267C7689-4B34-4A79-A220-546C97DD8EC3}.Release|Any CPU.Build.0 = Release|Any CPU
		{370D746A-89F3-4117-9AB5-9BD4547D5C6C}.Debug|Any CPU.ActiveCfg = Debug|Any CPU
		{370D746A-89F3-4117-9AB5-9BD4547D5C6C}.Debug|Any CPU.Build.0 = Debug|Any CPU
		{370D746A-89F3-4117-9AB5-9BD4547D5C6C}.Release|Any CPU.ActiveCfg = Release|Any CPU
		{370D746A-89F3-4117-9AB5-9BD4547D5C6C}.Release|Any CPU.Build.0 = Release|Any CPU
	EndGlobalSection
	GlobalSection(SolutionProperties) = preSolution
		HideSolutionNode = FALSE
	EndGlobalSection
	GlobalSection(ExtensibilityGlobals) = postSolution
		SolutionGuid = {3B01E95B-6451-4F03-8AE6-E635B68D691B}
	EndGlobalSection
EndGlobal
